
Microsoft Visual Studio Solution File, Format Version 12.00
# Visual Studio 15
VisualStudioVersion = 15.0.26124.0
MinimumVisualStudioVersion = 15.0.26124.0
Project("{FAE04EC0-301F-11D3-BF4B-00C04F79EFBC}") = "MyMath", "MyMath\MyMath.csproj", "{270D1E5C-DC87-4D0B-8694-7CAC7DE4D873}"
EndProject
Project("{FAE04EC0-301F-11D3-BF4B-00C04F79EFBC}") = "MyMath.Tests", "MyMath.Tests\MyMath.Tests.csproj", "{1C9382D2-A5CF-4F68-830C-DA4E0B8E215E}"
EndProject
Global
	GlobalSection(SolutionConfigurationPlatforms) = preSolution
		Debug|Any CPU = Debug|Any CPU
		Debug|x64 = Debug|x64
		Debug|x86 = Debug|x86
		Release|Any CPU = Release|Any CPU
		Release|x64 = Release|x64
		Release|x86 = Release|x86
	EndGlobalSection
	GlobalSection(SolutionProperties) = preSolution
		HideSolutionNode = FALSE
	EndGlobalSection
	GlobalSection(ProjectConfigurationPlatforms) = postSolution
		{270D1E5C-DC87-4D0B-8694-7CAC7DE4D873}.Debug|Any CPU.ActiveCfg = Debug|Any CPU
		{270D1E5C-DC87-4D0B-8694-7CAC7DE4D873}.Debug|Any CPU.Build.0 = Debug|Any CPU
		{270D1E5C-DC87-4D0B-8694-7CAC7DE4D873}.Debug|x64.ActiveCfg = Debug|Any CPU
		{270D1E5C-DC87-4D0B-8694-7CAC7DE4D873}.Debug|x64.Build.0 = Debug|Any CPU
		{270D1E5C-DC87-4D0B-8694-7CAC7DE4D873}.Debug|x86.ActiveCfg = Debug|Any CPU
		{270D1E5C-DC87-4D0B-8694-7CAC7DE4D873}.Debug|x86.Build.0 = Debug|Any CPU
		{270D1E5C-DC87-4D0B-8694-7CAC7DE4D873}.Release|Any CPU.ActiveCfg = Release|Any CPU
		{270D1E5C-DC87-4D0B-8694-7CAC7DE4D873}.Release|Any CPU.Build.0 = Release|Any CPU
		{270D1E5C-DC87-4D0B-8694-7CAC7DE4D873}.Release|x64.ActiveCfg = Release|Any CPU
		{270D1E5C-DC87-4D0B-8694-7CAC7DE4D873}.Release|x64.Build.0 = Release|Any CPU
		{270D1E5C-DC87-4D0B-8694-7CAC7DE4D873}.Release|x86.ActiveCfg = Release|Any CPU
		{270D1E5C-DC87-4D0B-8694-7CAC7DE4D873}.Release|x86.Build.0 = Release|Any CPU
		{1C9382D2-A5CF-4F68-830C-DA4E0B8E215E}.Debug|Any CPU.ActiveCfg = Debug|Any CPU
		{1C9382D2-A5CF-4F68-830C-DA4E0B8E215E}.Debug|Any CPU.Build.0 = Debug|Any CPU
		{1C9382D2-A5CF-4F68-830C-DA4E0B8E215E}.Debug|x64.ActiveCfg = Debug|Any CPU
		{1C9382D2-A5CF-4F68-830C-DA4E0B8E215E}.Debug|x64.Build.0 = Debug|Any CPU
		{1C9382D2-A5CF-4F68-830C-DA4E0B8E215E}.Debug|x86.ActiveCfg = Debug|Any CPU
		{1C9382D2-A5CF-4F68-830C-DA4E0B8E215E}.Debug|x86.Build.0 = Debug|Any CPU
		{1C9382D2-A5CF-4F68-830C-DA4E0B8E215E}.Release|Any CPU.ActiveCfg = Release|Any CPU
		{1C9382D2-A5CF-4F68-830C-DA4E0B8E215E}.Release|Any CPU.Build.0 = Release|Any CPU
		{1C9382D2-A5CF-4F68-830C-DA4E0B8E215E}.Release|x64.ActiveCfg = Release|Any CPU
		{1C9382D2-A5CF-4F68-830C-DA4E0B8E215E}.Release|x64.Build.0 = Release|Any CPU
		{1C9382D2-A5CF-4F68-830C-DA4E0B8E215E}.Release|x86.ActiveCfg = Release|Any CPU
		{1C9382D2-A5CF-4F68-830C-DA4E0B8E215E}.Release|x86.Build.0 = Release|Any CPU
	EndGlobalSection
EndGlobal
