
Microsoft Visual Studio Solution File, Format Version 12.00
# Visual Studio 15
VisualStudioVersion = 15.0.26124.0
MinimumVisualStudioVersion = 15.0.26124.0
Project("{FAE04EC0-301F-11D3-BF4B-00C04F79EFBC}") = "Text", "Text\Text.csproj", "{507912F5-C651-403A-B6CB-DACB8D23035F}"
EndProject
Project("{FAE04EC0-301F-11D3-BF4B-00C04F79EFBC}") = "Text.Tests", "Text.Tests\Text.Tests.csproj", "{C7C5AC9E-1FE8-413C-9394-C3D37E13E4F5}"
EndProject
Global
	GlobalSection(SolutionConfigurationPlatforms) = preSolution
		Debug|Any CPU = Debug|Any CPU
		Debug|x64 = Debug|x64
		Debug|x86 = Debug|x86
		Release|Any CPU = Release|Any CPU
		Release|x64 = Release|x64
		Release|x86 = Release|x86
	EndGlobalSection
	GlobalSection(SolutionProperties) = preSolution
		HideSolutionNode = FALSE
	EndGlobalSection
	GlobalSection(ProjectConfigurationPlatforms) = postSolution
		{507912F5-C651-403A-B6CB-DACB8D23035F}.Debug|Any CPU.ActiveCfg = Debug|Any CPU
		{507912F5-C651-403A-B6CB-DACB8D23035F}.Debug|Any CPU.Build.0 = Debug|Any CPU
		{507912F5-C651-403A-B6CB-DACB8D23035F}.Debug|x64.ActiveCfg = Debug|Any CPU
		{507912F5-C651-403A-B6CB-DACB8D23035F}.Debug|x64.Build.0 = Debug|Any CPU
		{507912F5-C651-403A-B6CB-DACB8D23035F}.Debug|x86.ActiveCfg = Debug|Any CPU
		{507912F5-C651-403A-B6CB-DACB8D23035F}.Debug|x86.Build.0 = Debug|Any CPU
		{507912F5-C651-403A-B6CB-DACB8D23035F}.Release|Any CPU.ActiveCfg = Release|Any CPU
		{507912F5-C651-403A-B6CB-DACB8D23035F}.Release|Any CPU.Build.0 = Release|Any CPU
		{507912F5-C651-403A-B6CB-DACB8D23035F}.Release|x64.ActiveCfg = Release|Any CPU
		{507912F5-C651-403A-B6CB-DACB8D23035F}.Release|x64.Build.0 = Release|Any CPU
		{507912F5-C651-403A-B6CB-DACB8D23035F}.Release|x86.ActiveCfg = Release|Any CPU
		{507912F5-C651-403A-B6CB-DACB8D23035F}.Release|x86.Build.0 = Release|Any CPU
		{C7C5AC9E-1FE8-413C-9394-C3D37E13E4F5}.Debug|Any CPU.ActiveCfg = Debug|Any CPU
		{C7C5AC9E-1FE8-413C-9394-C3D37E13E4F5}.Debug|Any CPU.Build.0 = Debug|Any CPU
		{C7C5AC9E-1FE8-413C-9394-C3D37E13E4F5}.Debug|x64.ActiveCfg = Debug|Any CPU
		{C7C5AC9E-1FE8-413C-9394-C3D37E13E4F5}.Debug|x64.Build.0 = Debug|Any CPU
		{C7C5AC9E-1FE8-413C-9394-C3D37E13E4F5}.Debug|x86.ActiveCfg = Debug|Any CPU
		{C7C5AC9E-1FE8-413C-9394-C3D37E13E4F5}.Debug|x86.Build.0 = Debug|Any CPU
		{C7C5AC9E-1FE8-413C-9394-C3D37E13E4F5}.Release|Any CPU.ActiveCfg = Release|Any CPU
		{C7C5AC9E-1FE8-413C-9394-C3D37E13E4F5}.Release|Any CPU.Build.0 = Release|Any CPU
		{C7C5AC9E-1FE8-413C-9394-C3D37E13E4F5}.Release|x64.ActiveCfg = Release|Any CPU
		{C7C5AC9E-1FE8-413C-9394-C3D37E13E4F5}.Release|x64.Build.0 = Release|Any CPU
		{C7C5AC9E-1FE8-413C-9394-C3D37E13E4F5}.Release|x86.ActiveCfg = Release|Any CPU
		{C7C5AC9E-1FE8-413C-9394-C3D37E13E4F5}.Release|x86.Build.0 = Release|Any CPU
	EndGlobalSection
EndGlobal
